// !$*UTF8*$!
{
	archiveVersion = 1;
	classes = {
	};
	objectVersion = 70;
	objects = {

/* Begin PBXBuildFile section */
		480202122D8060CB00979EEC /* KeyboardShortcuts in Frameworks */ = {isa = PBXBuildFile; productRef = 480202112D8060CB00979EEC /* KeyboardShortcuts */; };
		4849CB5E2D4889F4000BCA77 /* Constants.swift in Sources */ = {isa = PBXBuildFile; fileRef = 4849CB5D2D4889F4000BCA77 /* Constants.swift */; };
		4849CB602D488A96000BCA77 /* Constants.swift in Sources */ = {isa = PBXBuildFile; fileRef = 4849CB5D2D4889F4000BCA77 /* Constants.swift */; };
		48751CE92D8FC53B00319882 /* AboutView.swift in Sources */ = {isa = PBXBuildFile; fileRef = 48751CE82D8FC53B00319882 /* AboutView.swift */; };
		48A0338D2D2CD81F00BB6F8C /* FileLogger.swift in Sources */ = {isa = PBXBuildFile; fileRef = 48A0338C2D2CD81E00BB6F8C /* FileLogger.swift */; };
		48A0338E2D2CD81F00BB6F8C /* FileLogger.swift in Sources */ = {isa = PBXBuildFile; fileRef = 48A0338C2D2CD81E00BB6F8C /* FileLogger.swift */; };
		48A033D82D2DC75600BB6F8C /* DataStructures.swift in Sources */ = {isa = PBXBuildFile; fileRef = 48A033D72D2DC75600BB6F8C /* DataStructures.swift */; };
		48B48FDA2D2A59630054B680 /* Assets.xcassets in Resources */ = {isa = PBXBuildFile; fileRef = 48B48FD92D2A59630054B680 /* Assets.xcassets */; };
		48B48FE22D2A59630054B680 /* Tab Finder Extension.appex in Embed Foundation Extensions */ = {isa = PBXBuildFile; fileRef = 48B48FE12D2A59630054B680 /* Tab Finder Extension.appex */; settings = {ATTRIBUTES = (RemoveHeadersOnCopy, ); }; };
		48B48FE72D2A59630054B680 /* SafariExtensionHandler.swift in Sources */ = {isa = PBXBuildFile; fileRef = 48B48FE62D2A59630054B680 /* SafariExtensionHandler.swift */; };
		48B48FEE2D2A59630054B680 /* ToolbarItemIcon.pdf in Resources */ = {isa = PBXBuildFile; fileRef = 48B48FED2D2A59630054B680 /* ToolbarItemIcon.pdf */; };
		48E9EE3E2D33C3B8007BC086 /* StoreManager.swift in Sources */ = {isa = PBXBuildFile; fileRef = 48E9EE3D2D33C3B8007BC086 /* StoreManager.swift */; };
		48E9EE3F2D33C3B8007BC086 /* StoreManager.swift in Sources */ = {isa = PBXBuildFile; fileRef = 48E9EE3D2D33C3B8007BC086 /* StoreManager.swift */; };
		48E9EE402D33DF16007BC086 /* DataStructures.swift in Sources */ = {isa = PBXBuildFile; fileRef = 48A033D72D2DC75600BB6F8C /* DataStructures.swift */; };
		48E9EE422D33E20B007BC086 /* Math.swift in Sources */ = {isa = PBXBuildFile; fileRef = 48E9EE412D33E20B007BC086 /* Math.swift */; };
		48F265CC2D89EC24005F5AD7 /* InputSource.swift in Sources */ = {isa = PBXBuildFile; fileRef = 48F265CB2D89EC24005F5AD7 /* InputSource.swift */; };
		48F9D6BF2D74E0D800DEE99E /* TabHistoryView.swift in Sources */ = {isa = PBXBuildFile; fileRef = 48F9D6BE2D74E0D400DEE99E /* TabHistoryView.swift */; };
		48F9D6C22D74E1C400DEE99E /* GreetingView.swift in Sources */ = {isa = PBXBuildFile; fileRef = 48F9D6C12D74E1C200DEE99E /* GreetingView.swift */; };
		48F9D6C62D74E39B00DEE99E /* SettingsView.swift in Sources */ = {isa = PBXBuildFile; fileRef = 48F9D6C52D74E38B00DEE99E /* SettingsView.swift */; };
		48FEE0F92D71FB3A007704A0 /* main.swift in Sources */ = {isa = PBXBuildFile; fileRef = 48FEE0F82D71FB3A007704A0 /* main.swift */; };
/* End PBXBuildFile section */

/* Begin PBXContainerItemProxy section */
		48B48FE32D2A59630054B680 /* PBXContainerItemProxy */ = {
			isa = PBXContainerItemProxy;
			containerPortal = 48B48FBD2D2A59620054B680 /* Project object */;
			proxyType = 1;
			remoteGlobalIDString = 48B48FE02D2A59630054B680;
			remoteInfo = "tab_finder Extension";
		};
/* End PBXContainerItemProxy section */

/* Begin PBXCopyFilesBuildPhase section */
		48B48FF92D2A59630054B680 /* Embed Foundation Extensions */ = {
			isa = PBXCopyFilesBuildPhase;
			buildActionMask = 2147483647;
			dstPath = "";
			dstSubfolderSpec = 13;
			files = (
				48B48FE22D2A59630054B680 /* Tab Finder Extension.appex in Embed Foundation Extensions */,
			);
			name = "Embed Foundation Extensions";
			runOnlyForDeploymentPostprocessing = 0;
		};
/* End PBXCopyFilesBuildPhase section */

/* Begin PBXFileReference section */
		4849CB5D2D4889F4000BCA77 /* Constants.swift */ = {isa = PBXFileReference; lastKnownFileType = sourcecode.swift; path = Constants.swift; sourceTree = "<group>"; };
		48534A232D333B3D003FF94A /* Info.plist */ = {isa = PBXFileReference; fileEncoding = 4; lastKnownFileType = text.plist.xml; path = Info.plist; sourceTree = "<group>"; };
		48751CE82D8FC53B00319882 /* AboutView.swift */ = {isa = PBXFileReference; lastKnownFileType = sourcecode.swift; path = AboutView.swift; sourceTree = "<group>"; };
		48A0338C2D2CD81E00BB6F8C /* FileLogger.swift */ = {isa = PBXFileReference; fileEncoding = 4; lastKnownFileType = sourcecode.swift; path = FileLogger.swift; sourceTree = "<group>"; };
		48A033D72D2DC75600BB6F8C /* DataStructures.swift */ = {isa = PBXFileReference; lastKnownFileType = sourcecode.swift; path = DataStructures.swift; sourceTree = "<group>"; };
		48B48FC52D2A59620054B680 /* Tab Finder.app */ = {isa = PBXFileReference; explicitFileType = wrapper.application; includeInIndex = 0; path = "Tab Finder.app"; sourceTree = BUILT_PRODUCTS_DIR; };
		48B48FD92D2A59630054B680 /* Assets.xcassets */ = {isa = PBXFileReference; lastKnownFileType = folder.assetcatalog; path = Assets.xcassets; sourceTree = "<group>"; };
		48B48FDC2D2A59630054B680 /* tab_finder.entitlements */ = {isa = PBXFileReference; lastKnownFileType = text.plist.entitlements; path = tab_finder.entitlements; sourceTree = "<group>"; };
		48B48FE12D2A59630054B680 /* Tab Finder Extension.appex */ = {isa = PBXFileReference; explicitFileType = "wrapper.app-extension"; includeInIndex = 0; path = "Tab Finder Extension.appex"; sourceTree = BUILT_PRODUCTS_DIR; };
		48B48FE62D2A59630054B680 /* SafariExtensionHandler.swift */ = {isa = PBXFileReference; lastKnownFileType = sourcecode.swift; path = SafariExtensionHandler.swift; sourceTree = "<group>"; };
		48B48FED2D2A59630054B680 /* ToolbarItemIcon.pdf */ = {isa = PBXFileReference; lastKnownFileType = image.pdf; path = ToolbarItemIcon.pdf; sourceTree = "<group>"; };
		48B48FF22D2A59630054B680 /* Info.plist */ = {isa = PBXFileReference; lastKnownFileType = text.plist.xml; path = Info.plist; sourceTree = "<group>"; };
		48B48FF32D2A59630054B680 /* tab_finder_Extension.entitlements */ = {isa = PBXFileReference; lastKnownFileType = text.plist.entitlements; path = tab_finder_Extension.entitlements; sourceTree = "<group>"; };
		48E9EE3D2D33C3B8007BC086 /* StoreManager.swift */ = {isa = PBXFileReference; lastKnownFileType = sourcecode.swift; path = StoreManager.swift; sourceTree = "<group>"; };
		48E9EE412D33E20B007BC086 /* Math.swift */ = {isa = PBXFileReference; lastKnownFileType = sourcecode.swift; path = Math.swift; sourceTree = "<group>"; };
		48F265CB2D89EC24005F5AD7 /* InputSource.swift */ = {isa = PBXFileReference; lastKnownFileType = sourcecode.swift; path = InputSource.swift; sourceTree = "<group>"; };
		48F9D6BE2D74E0D400DEE99E /* TabHistoryView.swift */ = {isa = PBXFileReference; lastKnownFileType = sourcecode.swift; path = TabHistoryView.swift; sourceTree = "<group>"; };
		48F9D6C12D74E1C200DEE99E /* GreetingView.swift */ = {isa = PBXFileReference; lastKnownFileType = sourcecode.swift; path = GreetingView.swift; sourceTree = "<group>"; };
		48F9D6C52D74E38B00DEE99E /* SettingsView.swift */ = {isa = PBXFileReference; lastKnownFileType = sourcecode.swift; path = SettingsView.swift; sourceTree = "<group>"; };
		48FEE0F82D71FB3A007704A0 /* main.swift */ = {isa = PBXFileReference; lastKnownFileType = sourcecode.swift; path = main.swift; sourceTree = "<group>"; };
/* End PBXFileReference section */

/* Begin PBXFileSystemSynchronizedRootGroup section */
		486509072D86ABD100A1D26A /* UI Components */ = {isa = PBXFileSystemSynchronizedRootGroup; explicitFileTypes = {}; explicitFolders = (); path = "UI Components"; sourceTree = "<group>"; };
/* End PBXFileSystemSynchronizedRootGroup section */

/* Begin PBXFrameworksBuildPhase section */
		48B48FC22D2A59620054B680 /* Frameworks */ = {
			isa = PBXFrameworksBuildPhase;
			buildActionMask = 2147483647;
			files = (
				480202122D8060CB00979EEC /* KeyboardShortcuts in Frameworks */,
			);
			runOnlyForDeploymentPostprocessing = 0;
		};
		48B48FDE2D2A59630054B680 /* Frameworks */ = {
			isa = PBXFrameworksBuildPhase;
			buildActionMask = 2147483647;
			files = (
			);
			runOnlyForDeploymentPostprocessing = 0;
		};
/* End PBXFrameworksBuildPhase section */

/* Begin PBXGroup section */
		48B48FBC2D2A59620054B680 = {
			isa = PBXGroup;
			children = (
				48F265CB2D89EC24005F5AD7 /* InputSource.swift */,
				48FEE0F82D71FB3A007704A0 /* main.swift */,
				48F9D6C42D74E30300DEE99E /* Utils */,
				48B48FC72D2A59620054B680 /* Tab Finder */,
				48B48FE52D2A59630054B680 /* Tab Finder Extension */,
				48B48FC62D2A59620054B680 /* Products */,
			);
			sourceTree = "<group>";
		};
		48B48FC62D2A59620054B680 /* Products */ = {
			isa = PBXGroup;
			children = (
				48B48FC52D2A59620054B680 /* Tab Finder.app */,
				48B48FE12D2A59630054B680 /* Tab Finder Extension.appex */,
			);
			name = Products;
			sourceTree = "<group>";
		};
		48B48FC72D2A59620054B680 /* Tab Finder */ = {
			isa = PBXGroup;
			children = (
				486509072D86ABD100A1D26A /* UI Components */,
				48F9D6BD2D74E0A200DEE99E /* Views */,
				48534A232D333B3D003FF94A /* Info.plist */,
				48B48FD92D2A59630054B680 /* Assets.xcassets */,
				48B48FDC2D2A59630054B680 /* tab_finder.entitlements */,
			);
			path = "Tab Finder";
			sourceTree = "<group>";
		};
		48B48FE52D2A59630054B680 /* Tab Finder Extension */ = {
			isa = PBXGroup;
			children = (
				48B48FE62D2A59630054B680 /* SafariExtensionHandler.swift */,
				48B48FF22D2A59630054B680 /* Info.plist */,
				48B48FF32D2A59630054B680 /* tab_finder_Extension.entitlements */,
				48B48FED2D2A59630054B680 /* ToolbarItemIcon.pdf */,
			);
			path = "Tab Finder Extension";
			sourceTree = "<group>";
		};
		48F9D6BD2D74E0A200DEE99E /* Views */ = {
			isa = PBXGroup;
			children = (
				48F9D6C12D74E1C200DEE99E /* GreetingView.swift */,
				48F9D6C52D74E38B00DEE99E /* SettingsView.swift */,
				48751CE82D8FC53B00319882 /* AboutView.swift */,
				48F9D6BE2D74E0D400DEE99E /* TabHistoryView.swift */,
			);
			path = Views;
			sourceTree = "<group>";
		};
		48F9D6C42D74E30300DEE99E /* Utils */ = {
			isa = PBXGroup;
			children = (
				4849CB5D2D4889F4000BCA77 /* Constants.swift */,
				48E9EE3D2D33C3B8007BC086 /* StoreManager.swift */,
				48A0338C2D2CD81E00BB6F8C /* FileLogger.swift */,
				48A033D72D2DC75600BB6F8C /* DataStructures.swift */,
				48E9EE412D33E20B007BC086 /* Math.swift */,
			);
			path = Utils;
			sourceTree = "<group>";
		};
/* End PBXGroup section */

/* Begin PBXNativeTarget section */
		48B48FC42D2A59620054B680 /* Tab Finder */ = {
			isa = PBXNativeTarget;
			buildConfigurationList = 48B48FFA2D2A59630054B680 /* Build configuration list for PBXNativeTarget "Tab Finder" */;
			buildPhases = (
				48B48FC12D2A59620054B680 /* Sources */,
				48B48FC22D2A59620054B680 /* Frameworks */,
				48B48FC32D2A59620054B680 /* Resources */,
				48B48FF92D2A59630054B680 /* Embed Foundation Extensions */,
			);
			buildRules = (
			);
			dependencies = (
				48B48FE42D2A59630054B680 /* PBXTargetDependency */,
			);
			fileSystemSynchronizedGroups = (
				486509072D86ABD100A1D26A /* UI Components */,
			);
			name = "Tab Finder";
			packageProductDependencies = (
				480202112D8060CB00979EEC /* KeyboardShortcuts */,
			);
			productName = tab_finder;
			productReference = 48B48FC52D2A59620054B680 /* Tab Finder.app */;
			productType = "com.apple.product-type.application";
		};
		48B48FE02D2A59630054B680 /* Tab Finder Extension */ = {
			isa = PBXNativeTarget;
			buildConfigurationList = 48B48FF62D2A59630054B680 /* Build configuration list for PBXNativeTarget "Tab Finder Extension" */;
			buildPhases = (
				48B48FDD2D2A59630054B680 /* Sources */,
				48B48FDE2D2A59630054B680 /* Frameworks */,
				48B48FDF2D2A59630054B680 /* Resources */,
			);
			buildRules = (
			);
			dependencies = (
			);
			name = "Tab Finder Extension";
			productName = "tab_finder Extension";
			productReference = 48B48FE12D2A59630054B680 /* Tab Finder Extension.appex */;
			productType = "com.apple.product-type.app-extension";
		};
/* End PBXNativeTarget section */

/* Begin PBXProject section */
		48B48FBD2D2A59620054B680 /* Project object */ = {
			isa = PBXProject;
			attributes = {
				BuildIndependentTargetsInParallel = 1;
				LastSwiftUpdateCheck = 1520;
				LastUpgradeCheck = 1620;
				TargetAttributes = {
					48B48FC42D2A59620054B680 = {
						CreatedOnToolsVersion = 15.2;
						LastSwiftMigration = 1520;
					};
					48B48FE02D2A59630054B680 = {
						CreatedOnToolsVersion = 15.2;
					};
				};
			};
			buildConfigurationList = 48B48FC02D2A59620054B680 /* Build configuration list for PBXProject "Tab Finder" */;
			compatibilityVersion = "Xcode 14.0";
			developmentRegion = en;
			hasScannedForEncodings = 0;
			knownRegions = (
				en,
				Base,
			);
			mainGroup = 48B48FBC2D2A59620054B680;
			packageReferences = (
				480202102D8060CB00979EEC /* XCRemoteSwiftPackageReference "KeyboardShortcuts" */,
			);
			productRefGroup = 48B48FC62D2A59620054B680 /* Products */;
			projectDirPath = "";
			projectRoot = "";
			targets = (
				48B48FC42D2A59620054B680 /* Tab Finder */,
				48B48FE02D2A59630054B680 /* Tab Finder Extension */,
			);
		};
/* End PBXProject section */

/* Begin PBXResourcesBuildPhase section */
		48B48FC32D2A59620054B680 /* Resources */ = {
			isa = PBXResourcesBuildPhase;
			buildActionMask = 2147483647;
			files = (
				48B48FDA2D2A59630054B680 /* Assets.xcassets in Resources */,
			);
			runOnlyForDeploymentPostprocessing = 0;
		};
		48B48FDF2D2A59630054B680 /* Resources */ = {
			isa = PBXResourcesBuildPhase;
			buildActionMask = 2147483647;
			files = (
				48B48FEE2D2A59630054B680 /* ToolbarItemIcon.pdf in Resources */,
			);
			runOnlyForDeploymentPostprocessing = 0;
		};
/* End PBXResourcesBuildPhase section */

/* Begin PBXSourcesBuildPhase section */
		48B48FC12D2A59620054B680 /* Sources */ = {
			isa = PBXSourcesBuildPhase;
			buildActionMask = 2147483647;
			files = (
				48E9EE3E2D33C3B8007BC086 /* StoreManager.swift in Sources */,
				48E9EE402D33DF16007BC086 /* DataStructures.swift in Sources */,
				48FEE0F92D71FB3A007704A0 /* main.swift in Sources */,
				48A0338D2D2CD81F00BB6F8C /* FileLogger.swift in Sources */,
				48F265CC2D89EC24005F5AD7 /* InputSource.swift in Sources */,
				48751CE92D8FC53B00319882 /* AboutView.swift in Sources */,
				48F9D6BF2D74E0D800DEE99E /* TabHistoryView.swift in Sources */,
				48F9D6C62D74E39B00DEE99E /* SettingsView.swift in Sources */,
				48E9EE422D33E20B007BC086 /* Math.swift in Sources */,
				48F9D6C22D74E1C400DEE99E /* GreetingView.swift in Sources */,
				4849CB5E2D4889F4000BCA77 /* Constants.swift in Sources */,
			);
			runOnlyForDeploymentPostprocessing = 0;
		};
		48B48FDD2D2A59630054B680 /* Sources */ = {
			isa = PBXSourcesBuildPhase;
			buildActionMask = 2147483647;
			files = (
				48A0338E2D2CD81F00BB6F8C /* FileLogger.swift in Sources */,
				48E9EE3F2D33C3B8007BC086 /* StoreManager.swift in Sources */,
				48A033D82D2DC75600BB6F8C /* DataStructures.swift in Sources */,
				4849CB602D488A96000BCA77 /* Constants.swift in Sources */,
				48B48FE72D2A59630054B680 /* SafariExtensionHandler.swift in Sources */,
			);
			runOnlyForDeploymentPostprocessing = 0;
		};
/* End PBXSourcesBuildPhase section */

/* Begin PBXTargetDependency section */
		48B48FE42D2A59630054B680 /* PBXTargetDependency */ = {
			isa = PBXTargetDependency;
			target = 48B48FE02D2A59630054B680 /* Tab Finder Extension */;
			targetProxy = 48B48FE32D2A59630054B680 /* PBXContainerItemProxy */;
		};
/* End PBXTargetDependency section */

/* Begin XCBuildConfiguration section */
		48B48FF42D2A59630054B680 /* Debug */ = {
			isa = XCBuildConfiguration;
			buildSettings = {
				ALWAYS_SEARCH_USER_PATHS = NO;
				APP_BUILD = 61;
				APP_VERSION = 1.60;
				ASSETCATALOG_COMPILER_GENERATE_SWIFT_ASSET_SYMBOL_EXTENSIONS = YES;
				BUNDLE_IDENTIFIER = "kopyl.tab-finder-debug";
				CLANG_ANALYZER_NONNULL = YES;
				CLANG_ANALYZER_NUMBER_OBJECT_CONVERSION = YES_AGGRESSIVE;
				CLANG_CXX_LANGUAGE_STANDARD = "gnu++20";
				CLANG_ENABLE_MODULES = YES;
				CLANG_ENABLE_OBJC_ARC = YES;
				CLANG_ENABLE_OBJC_WEAK = YES;
				CLANG_WARN_BLOCK_CAPTURE_AUTORELEASING = YES;
				CLANG_WARN_BOOL_CONVERSION = YES;
				CLANG_WARN_COMMA = YES;
				CLANG_WARN_CONSTANT_CONVERSION = YES;
				CLANG_WARN_DEPRECATED_OBJC_IMPLEMENTATIONS = YES;
				CLANG_WARN_DIRECT_OBJC_ISA_USAGE = YES_ERROR;
				CLANG_WARN_DOCUMENTATION_COMMENTS = YES;
				CLANG_WARN_EMPTY_BODY = YES;
				CLANG_WARN_ENUM_CONVERSION = YES;
				CLANG_WARN_INFINITE_RECURSION = YES;
				CLANG_WARN_INT_CONVERSION = YES;
				CLANG_WARN_NON_LITERAL_NULL_CONVERSION = YES;
				CLANG_WARN_OBJC_IMPLICIT_RETAIN_SELF = YES;
				CLANG_WARN_OBJC_LITERAL_CONVERSION = YES;
				CLANG_WARN_OBJC_ROOT_CLASS = YES_ERROR;
				CLANG_WARN_QUOTED_INCLUDE_IN_FRAMEWORK_HEADER = YES;
				CLANG_WARN_RANGE_LOOP_ANALYSIS = YES;
				CLANG_WARN_STRICT_PROTOTYPES = YES;
				CLANG_WARN_SUSPICIOUS_MOVE = YES;
				CLANG_WARN_UNGUARDED_AVAILABILITY = YES_AGGRESSIVE;
				CLANG_WARN_UNREACHABLE_CODE = YES;
				CLANG_WARN__DUPLICATE_METHOD_MATCH = YES;
				COPY_PHASE_STRIP = NO;
				DEAD_CODE_STRIPPING = YES;
				DEBUG_INFORMATION_FORMAT = dwarf;
				ENABLE_STRICT_OBJC_MSGSEND = YES;
				ENABLE_TESTABILITY = YES;
				ENABLE_USER_SCRIPT_SANDBOXING = YES;
				GCC_C_LANGUAGE_STANDARD = gnu17;
				GCC_DYNAMIC_NO_PIC = NO;
				GCC_NO_COMMON_BLOCKS = YES;
				GCC_OPTIMIZATION_LEVEL = 0;
				GCC_PREPROCESSOR_DEFINITIONS = (
					"DEBUG=1",
					"$(inherited)",
				);
				GCC_WARN_64_TO_32_BIT_CONVERSION = YES;
				GCC_WARN_ABOUT_RETURN_TYPE = YES_ERROR;
				GCC_WARN_UNDECLARED_SELECTOR = YES;
				GCC_WARN_UNINITIALIZED_AUTOS = YES_AGGRESSIVE;
				GCC_WARN_UNUSED_FUNCTION = YES;
				GCC_WARN_UNUSED_VARIABLE = YES;
				LOCALIZATION_PREFERS_STRING_CATALOGS = YES;
				MACOSX_DEPLOYMENT_TARGET = 13.7;
				MTL_ENABLE_DEBUG_INFO = INCLUDE_SOURCE;
				MTL_FAST_MATH = YES;
				ONLY_ACTIVE_ARCH = YES;
				SDKROOT = macosx;
				SWIFT_ACTIVE_COMPILATION_CONDITIONS = "DEBUG $(inherited)";
				SWIFT_OPTIMIZATION_LEVEL = "-Onone";
			};
			name = Debug;
		};
		48B48FF52D2A59630054B680 /* Release */ = {
			isa = XCBuildConfiguration;
			buildSettings = {
				ALWAYS_SEARCH_USER_PATHS = NO;
				APP_BUILD = 61;
				APP_VERSION = 1.60;
				ASSETCATALOG_COMPILER_GENERATE_SWIFT_ASSET_SYMBOL_EXTENSIONS = YES;
				BUNDLE_IDENTIFIER = "kopyl.tab-finder";
				CLANG_ANALYZER_NONNULL = YES;
				CLANG_ANALYZER_NUMBER_OBJECT_CONVERSION = YES_AGGRESSIVE;
				CLANG_CXX_LANGUAGE_STANDARD = "gnu++20";
				CLANG_ENABLE_MODULES = YES;
				CLANG_ENABLE_OBJC_ARC = YES;
				CLANG_ENABLE_OBJC_WEAK = YES;
				CLANG_WARN_BLOCK_CAPTURE_AUTORELEASING = YES;
				CLANG_WARN_BOOL_CONVERSION = YES;
				CLANG_WARN_COMMA = YES;
				CLANG_WARN_CONSTANT_CONVERSION = YES;
				CLANG_WARN_DEPRECATED_OBJC_IMPLEMENTATIONS = YES;
				CLANG_WARN_DIRECT_OBJC_ISA_USAGE = YES_ERROR;
				CLANG_WARN_DOCUMENTATION_COMMENTS = YES;
				CLANG_WARN_EMPTY_BODY = YES;
				CLANG_WARN_ENUM_CONVERSION = YES;
				CLANG_WARN_INFINITE_RECURSION = YES;
				CLANG_WARN_INT_CONVERSION = YES;
				CLANG_WARN_NON_LITERAL_NULL_CONVERSION = YES;
				CLANG_WARN_OBJC_IMPLICIT_RETAIN_SELF = YES;
				CLANG_WARN_OBJC_LITERAL_CONVERSION = YES;
				CLANG_WARN_OBJC_ROOT_CLASS = YES_ERROR;
				CLANG_WARN_QUOTED_INCLUDE_IN_FRAMEWORK_HEADER = YES;
				CLANG_WARN_RANGE_LOOP_ANALYSIS = YES;
				CLANG_WARN_STRICT_PROTOTYPES = YES;
				CLANG_WARN_SUSPICIOUS_MOVE = YES;
				CLANG_WARN_UNGUARDED_AVAILABILITY = YES_AGGRESSIVE;
				CLANG_WARN_UNREACHABLE_CODE = YES;
				CLANG_WARN__DUPLICATE_METHOD_MATCH = YES;
				COPY_PHASE_STRIP = NO;
				DEAD_CODE_STRIPPING = YES;
				DEBUG_INFORMATION_FORMAT = "dwarf-with-dsym";
				ENABLE_NS_ASSERTIONS = NO;
				ENABLE_STRICT_OBJC_MSGSEND = YES;
				ENABLE_USER_SCRIPT_SANDBOXING = YES;
				GCC_C_LANGUAGE_STANDARD = gnu17;
				GCC_NO_COMMON_BLOCKS = YES;
				GCC_WARN_64_TO_32_BIT_CONVERSION = YES;
				GCC_WARN_ABOUT_RETURN_TYPE = YES_ERROR;
				GCC_WARN_UNDECLARED_SELECTOR = YES;
				GCC_WARN_UNINITIALIZED_AUTOS = YES_AGGRESSIVE;
				GCC_WARN_UNUSED_FUNCTION = YES;
				GCC_WARN_UNUSED_VARIABLE = YES;
				LOCALIZATION_PREFERS_STRING_CATALOGS = YES;
				MACOSX_DEPLOYMENT_TARGET = 13.7;
				MTL_ENABLE_DEBUG_INFO = NO;
				MTL_FAST_MATH = YES;
				SDKROOT = macosx;
				SWIFT_COMPILATION_MODE = wholemodule;
			};
			name = Release;
		};
		48B48FF72D2A59630054B680 /* Debug */ = {
			isa = XCBuildConfiguration;
			buildSettings = {
				APP_BUILD = "$(APP_BUILD)";
				APP_VERSION = "$(APP_VERSION)";
				BUNDLE_IDENTIFIER = "$(BUNDLE_IDENTIFIER)";
				CODE_SIGN_ALLOW_ENTITLEMENTS_MODIFICATION = YES;
				CODE_SIGN_ENTITLEMENTS = "Tab Finder Extension/tab_finder_Extension.entitlements";
				"CODE_SIGN_IDENTITY[sdk=macosx*]" = "Apple Development";
				CODE_SIGN_STYLE = Automatic;
				CURRENT_PROJECT_VERSION = "$(APP_BUILD)";
				DEAD_CODE_STRIPPING = YES;
				DEVELOPMENT_TEAM = 9QNMAN8CT6;
				ENABLE_HARDENED_RUNTIME = YES;
				GENERATE_INFOPLIST_FILE = YES;
				INFOPLIST_FILE = "Tab Finder Extension/Info.plist";
				INFOPLIST_KEY_CFBundleDisplayName = "Tab Finder";
				INFOPLIST_KEY_NSHumanReadableCopyright = "";
				LD_RUNPATH_SEARCH_PATHS = (
					"$(inherited)",
					"@executable_path/../Frameworks",
					"@executable_path/../../../../Frameworks",
				);
				MACOSX_DEPLOYMENT_TARGET = 12.0;
				MARKETING_VERSION = "$(APP_VERSION)";
				OTHER_LDFLAGS = (
					"-framework",
					SafariServices,
				);
				PRODUCT_BUNDLE_IDENTIFIER = "$(BUNDLE_IDENTIFIER).Extension";
				PRODUCT_NAME = "$(TARGET_NAME)";
				SKIP_INSTALL = YES;
				SWIFT_EMIT_LOC_STRINGS = YES;
				SWIFT_VERSION = 5.0;
			};
			name = Debug;
		};
		48B48FF82D2A59630054B680 /* Release */ = {
			isa = XCBuildConfiguration;
			buildSettings = {
				APP_BUILD = "$(APP_BUILD)";
				APP_VERSION = "$(APP_VERSION)";
				BUNDLE_IDENTIFIER = "$(BUNDLE_IDENTIFIER)";
				CODE_SIGN_ALLOW_ENTITLEMENTS_MODIFICATION = YES;
				CODE_SIGN_ENTITLEMENTS = "Tab Finder Extension/tab_finder_Extension.entitlements";
				"CODE_SIGN_IDENTITY[sdk=macosx*]" = "Apple Development";
				CODE_SIGN_STYLE = Automatic;
				CURRENT_PROJECT_VERSION = "$(APP_BUILD)";
				DEAD_CODE_STRIPPING = YES;
				DEVELOPMENT_TEAM = 9QNMAN8CT6;
				ENABLE_HARDENED_RUNTIME = YES;
				GENERATE_INFOPLIST_FILE = YES;
				INFOPLIST_FILE = "Tab Finder Extension/Info.plist";
				INFOPLIST_KEY_CFBundleDisplayName = "Tab Finder";
				INFOPLIST_KEY_NSHumanReadableCopyright = "";
				LD_RUNPATH_SEARCH_PATHS = (
					"$(inherited)",
					"@executable_path/../Frameworks",
					"@executable_path/../../../../Frameworks",
				);
				MACOSX_DEPLOYMENT_TARGET = 12.0;
				MARKETING_VERSION = "$(APP_VERSION)";
				OTHER_LDFLAGS = (
					"-framework",
					SafariServices,
				);
				PRODUCT_BUNDLE_IDENTIFIER = "$(BUNDLE_IDENTIFIER).Extension";
				PRODUCT_NAME = "$(TARGET_NAME)";
				SKIP_INSTALL = YES;
				SWIFT_EMIT_LOC_STRINGS = YES;
				SWIFT_VERSION = 5.0;
			};
			name = Release;
		};
		48B48FFB2D2A59630054B680 /* Debug */ = {
			isa = XCBuildConfiguration;
			buildSettings = {
				APP_BUILD = "$(APP_BUILD)";
				APP_VERSION = "$(APP_VERSION)";
				ASSETCATALOG_COMPILER_APPICON_NAME = AppIcon;
				ASSETCATALOG_COMPILER_GLOBAL_ACCENT_COLOR_NAME = AccentColor;
				BUNDLE_IDENTIFIER = "$(BUNDLE_IDENTIFIER)";
				CLANG_ENABLE_MODULES = YES;
				CODE_SIGN_ENTITLEMENTS = "Tab Finder/tab_finder.entitlements";
				CODE_SIGN_STYLE = Automatic;
				COMBINE_HIDPI_IMAGES = YES;
				CURRENT_PROJECT_VERSION = "$(APP_BUILD)";
				DEAD_CODE_STRIPPING = YES;
				DEVELOPMENT_TEAM = 9QNMAN8CT6;
				ENABLE_HARDENED_RUNTIME = YES;
				GENERATE_INFOPLIST_FILE = NO;
				INFOPLIST_FILE = "Tab Finder/Info.plist";
				INFOPLIST_KEY_CFBundleDisplayName = "Tab Finder";
				INFOPLIST_KEY_LSApplicationCategoryType = "public.app-category.productivity";
				INFOPLIST_KEY_NSHumanReadableCopyright = "";
				INFOPLIST_KEY_NSPrincipalClass = NSApplication;
				LD_RUNPATH_SEARCH_PATHS = (
					"$(inherited)",
					"@executable_path/../Frameworks",
				);
				MACOSX_DEPLOYMENT_TARGET = 12.0;
				MARKETING_VERSION = "$(APP_VERSION)";
				OTHER_LDFLAGS = (
					"-framework",
					SafariServices,
					"-framework",
					WebKit,
				);
				PRODUCT_BUNDLE_IDENTIFIER = "$(BUNDLE_IDENTIFIER)";
				PRODUCT_NAME = "$(TARGET_NAME)";
				SWIFT_EMIT_LOC_STRINGS = YES;
				SWIFT_OPTIMIZATION_LEVEL = "-Onone";
				SWIFT_VERSION = 5.0;
			};
			name = Debug;
		};
		48B48FFC2D2A59630054B680 /* Release */ = {
			isa = XCBuildConfiguration;
			buildSettings = {
				APP_BUILD = "$(APP_BUILD)";
				APP_VERSION = "$(APP_VERSION)";
				ASSETCATALOG_COMPILER_APPICON_NAME = AppIcon;
				ASSETCATALOG_COMPILER_GLOBAL_ACCENT_COLOR_NAME = AccentColor;
				BUNDLE_IDENTIFIER = "$(BUNDLE_IDENTIFIER)";
				CLANG_ENABLE_MODULES = YES;
				CODE_SIGN_ENTITLEMENTS = "Tab Finder/tab_finder.entitlements";
				CODE_SIGN_STYLE = Automatic;
				COMBINE_HIDPI_IMAGES = YES;
				CURRENT_PROJECT_VERSION = "$(APP_BUILD)";
				DEAD_CODE_STRIPPING = YES;
				DEVELOPMENT_TEAM = 9QNMAN8CT6;
				ENABLE_HARDENED_RUNTIME = YES;
				GENERATE_INFOPLIST_FILE = NO;
				INFOPLIST_FILE = "Tab Finder/Info.plist";
				INFOPLIST_KEY_CFBundleDisplayName = "Tab Finder";
				INFOPLIST_KEY_LSApplicationCategoryType = "public.app-category.productivity";
				INFOPLIST_KEY_NSHumanReadableCopyright = "";
				INFOPLIST_KEY_NSPrincipalClass = NSApplication;
				LD_RUNPATH_SEARCH_PATHS = (
					"$(inherited)",
					"@executable_path/../Frameworks",
				);
				MACOSX_DEPLOYMENT_TARGET = 12.0;
				MARKETING_VERSION = "$(APP_VERSION)";
				OTHER_LDFLAGS = (
					"-framework",
					SafariServices,
					"-framework",
					WebKit,
				);
				PRODUCT_BUNDLE_IDENTIFIER = "$(BUNDLE_IDENTIFIER)";
				PRODUCT_NAME = "$(TARGET_NAME)";
				SWIFT_EMIT_LOC_STRINGS = YES;
				SWIFT_VERSION = 5.0;
			};
			name = Release;
		};
/* End XCBuildConfiguration section */

/* Begin XCConfigurationList section */
		48B48FC02D2A59620054B680 /* Build configuration list for PBXProject "Tab Finder" */ = {
			isa = XCConfigurationList;
			buildConfigurations = (
				48B48FF42D2A59630054B680 /* Debug */,
				48B48FF52D2A59630054B680 /* Release */,
			);
			defaultConfigurationIsVisible = 0;
			defaultConfigurationName = Release;
		};
		48B48FF62D2A59630054B680 /* Build configuration list for PBXNativeTarget "Tab Finder Extension" */ = {
			isa = XCConfigurationList;
			buildConfigurations = (
				48B48FF72D2A59630054B680 /* Debug */,
				48B48FF82D2A59630054B680 /* Release */,
			);
			defaultConfigurationIsVisible = 0;
			defaultConfigurationName = Release;
		};
		48B48FFA2D2A59630054B680 /* Build configuration list for PBXNativeTarget "Tab Finder" */ = {
			isa = XCConfigurationList;
			buildConfigurations = (
				48B48FFB2D2A59630054B680 /* Debug */,
				48B48FFC2D2A59630054B680 /* Release */,
			);
			defaultConfigurationIsVisible = 0;
			defaultConfigurationName = Release;
		};
/* End XCConfigurationList section */

/* Begin XCRemoteSwiftPackageReference section */
		480202102D8060CB00979EEC /* XCRemoteSwiftPackageReference "KeyboardShortcuts" */ = {
			isa = XCRemoteSwiftPackageReference;
			repositoryURL = "https://github.com/sindresorhus/KeyboardShortcuts.git";
			requirement = {
				kind = upToNextMajorVersion;
				minimumVersion = 2.3.0;
			};
		};
/* End XCRemoteSwiftPackageReference section */

/* Begin XCSwiftPackageProductDependency section */
		480202112D8060CB00979EEC /* KeyboardShortcuts */ = {
			isa = XCSwiftPackageProductDependency;
			package = 480202102D8060CB00979EEC /* XCRemoteSwiftPackageReference "KeyboardShortcuts" */;
			productName = KeyboardShortcuts;
		};
/* End XCSwiftPackageProductDependency section */
	};
	rootObject = 48B48FBD2D2A59620054B680 /* Project object */;
}
